
Microsoft Visual Studio Solution File, Format Version 11.00
# Visual Studio 2010
Project("{FAE04EC0-301F-11D3-BF4B-00C04F79EFBC}") = "ecologylabSemantics", "ecologylabSemantics\ecologylabSemantics.csproj", "{3A67F507-1E77-4ED6-BD46-981E66D15F92}"
EndProject
Project("{FAE04EC0-301F-11D3-BF4B-00C04F79EFBC}") = "TestCases", "TestCases\TestCases.csproj", "{3149C524-8DFE-4E10-9D7D-D05326F92BCB}"
	ProjectSection(ProjectDependencies) = postProject
		{3A67F507-1E77-4ED6-BD46-981E66D15F92} = {3A67F507-1E77-4ED6-BD46-981E66D15F92}
		{3121E696-14DE-4987-BCED-588E4AB9259F} = {3121E696-14DE-4987-BCED-588E4AB9259F}
	EndProjectSection
EndProject
Project("{FAE04EC0-301F-11D3-BF4B-00C04F79EFBC}") = "ecologylabGeneratedSemantics", "ecologylabGeneratedSemantics\ecologylabGeneratedSemantics.csproj", "{3121E696-14DE-4987-BCED-588E4AB9259F}"
EndProject
Project("{FAE04EC0-301F-11D3-BF4B-00C04F79EFBC}") = "ecologylabInteractiveSemantics", "ecologylabInteractiveSemantics\ecologylabInteractiveSemantics.csproj", "{E66E57E8-D3E3-42AE-9035-C829B2E8DADB}"
EndProject
Project("{FAE04EC0-301F-11D3-BF4B-00C04F79EFBC}") = "DomExtraction", "DomExtraction\DomExtraction.csproj", "{02F10B1D-CA26-4B23-988E-A96DDEB4F44A}"
EndProject
Project("{FAE04EC0-301F-11D3-BF4B-00C04F79EFBC}") = "AwesomiumSharp", "AwesomiumSharp\AwesomiumSharp.csproj", "{1614289C-5F21-4934-9143-A47755D7C0A6}"
EndProject
Project("{FAE04EC0-301F-11D3-BF4B-00C04F79EFBC}") = "Simpl.Fundamental", "Simpl.Fundamental\Simpl.Fundamental.csproj", "{9A755A5E-88AA-4000-A9A7-ABDED3193855}"
EndProject
Project("{FAE04EC0-301F-11D3-BF4B-00C04F79EFBC}") = "Simpl.Serialization", "Simpl.Serialization\Simpl.Serialization.csproj", "{2B7A3C03-D3F8-485D-9AA1-EDC9AB43E42D}"
EndProject
Project("{FAE04EC0-301F-11D3-BF4B-00C04F79EFBC}") = "Simpl.Serialzation.Tests", "Simpl.Serialization.Tests\Simpl.Serialzation.Tests.csproj", "{B60ED968-EBFA-4F5C-B14E-A81F13632AEA}"
EndProject
Project("{FAE04EC0-301F-11D3-BF4B-00C04F79EFBC}") = "MetaSearch", "MetaSearch\MetaSearch.csproj", "{BFEE8BBD-DD1F-4A4A-8042-168D0D771E2F}"
EndProject
Project("{FAE04EC0-301F-11D3-BF4B-00C04F79EFBC}") = "RSSReader", "RSSReader\RSSReader.csproj", "{1DE2AA4C-0670-464A-AFB2-D20E3E4220BE}"
EndProject
Project("{FAE04EC0-301F-11D3-BF4B-00C04F79EFBC}") = "MmTest", "MmTest\MmTest.csproj", "{9DE487C6-BC9D-4E4B-83AF-14F57E3E3292}"
EndProject
Project("{FAE04EC0-301F-11D3-BF4B-00C04F79EFBC}") = "MetaMetadataRepository", "..\MetaMetadataRepository\MetaMetadataRepository.csproj", "{D8BA7D48-F64D-46FA-B901-0D3906E6AD5C}"
EndProject
Project("{FAE04EC0-301F-11D3-BF4B-00C04F79EFBC}") = "MVVMTemplate", "MVVMTemplate\MVVMTemplate.csproj", "{C8D494A8-238D-4C4E-83CA-C3A867C0457E}"
EndProject
Global
	GlobalSection(SubversionScc) = preSolution
		Svn-Managed = True
		Manager = AnkhSVN - Subversion Support for Visual Studio
	EndGlobalSection
	GlobalSection(SolutionConfigurationPlatforms) = preSolution
		Debug|Any CPU = Debug|Any CPU
		Debug|x86 = Debug|x86
		Release|Any CPU = Release|Any CPU
		Release|x86 = Release|x86
	EndGlobalSection
	GlobalSection(ProjectConfigurationPlatforms) = postSolution
		{3A67F507-1E77-4ED6-BD46-981E66D15F92}.Debug|Any CPU.ActiveCfg = Debug|Any CPU
		{3A67F507-1E77-4ED6-BD46-981E66D15F92}.Debug|Any CPU.Build.0 = Debug|Any CPU
		{3A67F507-1E77-4ED6-BD46-981E66D15F92}.Debug|x86.ActiveCfg = Debug|x86
		{3A67F507-1E77-4ED6-BD46-981E66D15F92}.Debug|x86.Build.0 = Debug|x86
		{3A67F507-1E77-4ED6-BD46-981E66D15F92}.Release|Any CPU.ActiveCfg = Release|Any CPU
		{3A67F507-1E77-4ED6-BD46-981E66D15F92}.Release|Any CPU.Build.0 = Release|Any CPU
		{3A67F507-1E77-4ED6-BD46-981E66D15F92}.Release|x86.ActiveCfg = Release|x86
		{3A67F507-1E77-4ED6-BD46-981E66D15F92}.Release|x86.Build.0 = Release|x86
		{3149C524-8DFE-4E10-9D7D-D05326F92BCB}.Debug|Any CPU.ActiveCfg = Debug|Any CPU
		{3149C524-8DFE-4E10-9D7D-D05326F92BCB}.Debug|Any CPU.Build.0 = Debug|Any CPU
		{3149C524-8DFE-4E10-9D7D-D05326F92BCB}.Debug|x86.ActiveCfg = Debug|x86
		{3149C524-8DFE-4E10-9D7D-D05326F92BCB}.Debug|x86.Build.0 = Debug|x86
		{3149C524-8DFE-4E10-9D7D-D05326F92BCB}.Release|Any CPU.ActiveCfg = Release|Any CPU
		{3149C524-8DFE-4E10-9D7D-D05326F92BCB}.Release|Any CPU.Build.0 = Release|Any CPU
		{3149C524-8DFE-4E10-9D7D-D05326F92BCB}.Release|x86.ActiveCfg = Release|x86
		{3149C524-8DFE-4E10-9D7D-D05326F92BCB}.Release|x86.Build.0 = Release|x86
		{3121E696-14DE-4987-BCED-588E4AB9259F}.Debug|Any CPU.ActiveCfg = Debug|Any CPU
		{3121E696-14DE-4987-BCED-588E4AB9259F}.Debug|Any CPU.Build.0 = Debug|Any CPU
		{3121E696-14DE-4987-BCED-588E4AB9259F}.Debug|x86.ActiveCfg = Debug|x86
		{3121E696-14DE-4987-BCED-588E4AB9259F}.Debug|x86.Build.0 = Debug|x86
		{3121E696-14DE-4987-BCED-588E4AB9259F}.Release|Any CPU.ActiveCfg = Release|Any CPU
		{3121E696-14DE-4987-BCED-588E4AB9259F}.Release|Any CPU.Build.0 = Release|Any CPU
		{3121E696-14DE-4987-BCED-588E4AB9259F}.Release|x86.ActiveCfg = Release|x86
		{3121E696-14DE-4987-BCED-588E4AB9259F}.Release|x86.Build.0 = Release|x86
		{E66E57E8-D3E3-42AE-9035-C829B2E8DADB}.Debug|Any CPU.ActiveCfg = Debug|Any CPU
		{E66E57E8-D3E3-42AE-9035-C829B2E8DADB}.Debug|Any CPU.Build.0 = Debug|Any CPU
		{E66E57E8-D3E3-42AE-9035-C829B2E8DADB}.Debug|x86.ActiveCfg = Debug|x86
		{E66E57E8-D3E3-42AE-9035-C829B2E8DADB}.Debug|x86.Build.0 = Debug|x86
		{E66E57E8-D3E3-42AE-9035-C829B2E8DADB}.Release|Any CPU.ActiveCfg = Release|Any CPU
		{E66E57E8-D3E3-42AE-9035-C829B2E8DADB}.Release|Any CPU.Build.0 = Release|Any CPU
		{E66E57E8-D3E3-42AE-9035-C829B2E8DADB}.Release|x86.ActiveCfg = Release|x86
		{E66E57E8-D3E3-42AE-9035-C829B2E8DADB}.Release|x86.Build.0 = Release|x86
		{02F10B1D-CA26-4B23-988E-A96DDEB4F44A}.Debug|Any CPU.ActiveCfg = Debug|Any CPU
		{02F10B1D-CA26-4B23-988E-A96DDEB4F44A}.Debug|Any CPU.Build.0 = Debug|Any CPU
		{02F10B1D-CA26-4B23-988E-A96DDEB4F44A}.Debug|x86.ActiveCfg = Debug|x86
		{02F10B1D-CA26-4B23-988E-A96DDEB4F44A}.Debug|x86.Build.0 = Debug|x86
		{02F10B1D-CA26-4B23-988E-A96DDEB4F44A}.Release|Any CPU.ActiveCfg = Release|Any CPU
		{02F10B1D-CA26-4B23-988E-A96DDEB4F44A}.Release|Any CPU.Build.0 = Release|Any CPU
		{02F10B1D-CA26-4B23-988E-A96DDEB4F44A}.Release|x86.ActiveCfg = Release|x86
		{02F10B1D-CA26-4B23-988E-A96DDEB4F44A}.Release|x86.Build.0 = Release|x86
		{1614289C-5F21-4934-9143-A47755D7C0A6}.Debug|Any CPU.ActiveCfg = Debug|Any CPU
		{1614289C-5F21-4934-9143-A47755D7C0A6}.Debug|Any CPU.Build.0 = Debug|Any CPU
		{1614289C-5F21-4934-9143-A47755D7C0A6}.Debug|x86.ActiveCfg = Debug|x86
		{1614289C-5F21-4934-9143-A47755D7C0A6}.Debug|x86.Build.0 = Debug|x86
		{1614289C-5F21-4934-9143-A47755D7C0A6}.Release|Any CPU.ActiveCfg = Release|Any CPU
		{1614289C-5F21-4934-9143-A47755D7C0A6}.Release|Any CPU.Build.0 = Release|Any CPU
		{1614289C-5F21-4934-9143-A47755D7C0A6}.Release|x86.ActiveCfg = Release|x86
		{1614289C-5F21-4934-9143-A47755D7C0A6}.Release|x86.Build.0 = Release|x86
		{9A755A5E-88AA-4000-A9A7-ABDED3193855}.Debug|Any CPU.ActiveCfg = Debug|Any CPU
		{9A755A5E-88AA-4000-A9A7-ABDED3193855}.Debug|Any CPU.Build.0 = Debug|Any CPU
		{9A755A5E-88AA-4000-A9A7-ABDED3193855}.Debug|x86.ActiveCfg = Debug|x86
		{9A755A5E-88AA-4000-A9A7-ABDED3193855}.Debug|x86.Build.0 = Debug|x86
		{9A755A5E-88AA-4000-A9A7-ABDED3193855}.Release|Any CPU.ActiveCfg = Release|Any CPU
		{9A755A5E-88AA-4000-A9A7-ABDED3193855}.Release|Any CPU.Build.0 = Release|Any CPU
		{9A755A5E-88AA-4000-A9A7-ABDED3193855}.Release|x86.ActiveCfg = Release|x86
		{9A755A5E-88AA-4000-A9A7-ABDED3193855}.Release|x86.Build.0 = Release|x86
		{2B7A3C03-D3F8-485D-9AA1-EDC9AB43E42D}.Debug|Any CPU.ActiveCfg = Debug|Any CPU
		{2B7A3C03-D3F8-485D-9AA1-EDC9AB43E42D}.Debug|Any CPU.Build.0 = Debug|Any CPU
		{2B7A3C03-D3F8-485D-9AA1-EDC9AB43E42D}.Debug|x86.ActiveCfg = Debug|x86
		{2B7A3C03-D3F8-485D-9AA1-EDC9AB43E42D}.Debug|x86.Build.0 = Debug|x86
		{2B7A3C03-D3F8-485D-9AA1-EDC9AB43E42D}.Release|Any CPU.ActiveCfg = Release|Any CPU
		{2B7A3C03-D3F8-485D-9AA1-EDC9AB43E42D}.Release|Any CPU.Build.0 = Release|Any CPU
		{2B7A3C03-D3F8-485D-9AA1-EDC9AB43E42D}.Release|x86.ActiveCfg = Release|x86
		{2B7A3C03-D3F8-485D-9AA1-EDC9AB43E42D}.Release|x86.Build.0 = Release|x86
		{B60ED968-EBFA-4F5C-B14E-A81F13632AEA}.Debug|Any CPU.ActiveCfg = Debug|Any CPU
		{B60ED968-EBFA-4F5C-B14E-A81F13632AEA}.Debug|Any CPU.Build.0 = Debug|Any CPU
		{B60ED968-EBFA-4F5C-B14E-A81F13632AEA}.Debug|x86.ActiveCfg = Debug|x86
		{B60ED968-EBFA-4F5C-B14E-A81F13632AEA}.Debug|x86.Build.0 = Debug|x86
		{B60ED968-EBFA-4F5C-B14E-A81F13632AEA}.Release|Any CPU.ActiveCfg = Release|Any CPU
		{B60ED968-EBFA-4F5C-B14E-A81F13632AEA}.Release|Any CPU.Build.0 = Release|Any CPU
		{B60ED968-EBFA-4F5C-B14E-A81F13632AEA}.Release|x86.ActiveCfg = Release|x86
		{B60ED968-EBFA-4F5C-B14E-A81F13632AEA}.Release|x86.Build.0 = Release|x86
		{BFEE8BBD-DD1F-4A4A-8042-168D0D771E2F}.Debug|Any CPU.ActiveCfg = Debug|Any CPU
		{BFEE8BBD-DD1F-4A4A-8042-168D0D771E2F}.Debug|Any CPU.Build.0 = Debug|Any CPU
		{BFEE8BBD-DD1F-4A4A-8042-168D0D771E2F}.Debug|x86.ActiveCfg = Debug|x86
		{BFEE8BBD-DD1F-4A4A-8042-168D0D771E2F}.Debug|x86.Build.0 = Debug|x86
		{BFEE8BBD-DD1F-4A4A-8042-168D0D771E2F}.Release|Any CPU.ActiveCfg = Release|Any CPU
		{BFEE8BBD-DD1F-4A4A-8042-168D0D771E2F}.Release|Any CPU.Build.0 = Release|Any CPU
		{BFEE8BBD-DD1F-4A4A-8042-168D0D771E2F}.Release|x86.ActiveCfg = Release|x86
		{BFEE8BBD-DD1F-4A4A-8042-168D0D771E2F}.Release|x86.Build.0 = Release|x86
		{1DE2AA4C-0670-464A-AFB2-D20E3E4220BE}.Debug|Any CPU.ActiveCfg = Debug|Any CPU
		{1DE2AA4C-0670-464A-AFB2-D20E3E4220BE}.Debug|Any CPU.Build.0 = Debug|Any CPU
		{1DE2AA4C-0670-464A-AFB2-D20E3E4220BE}.Debug|x86.ActiveCfg = Debug|x86
		{1DE2AA4C-0670-464A-AFB2-D20E3E4220BE}.Debug|x86.Build.0 = Debug|x86
		{1DE2AA4C-0670-464A-AFB2-D20E3E4220BE}.Release|Any CPU.ActiveCfg = Release|x86
		{1DE2AA4C-0670-464A-AFB2-D20E3E4220BE}.Release|x86.ActiveCfg = Release|x86
		{1DE2AA4C-0670-464A-AFB2-D20E3E4220BE}.Release|x86.Build.0 = Release|x86
		{9DE487C6-BC9D-4E4B-83AF-14F57E3E3292}.Debug|Any CPU.ActiveCfg = Debug|Any CPU
		{9DE487C6-BC9D-4E4B-83AF-14F57E3E3292}.Debug|Any CPU.Build.0 = Debug|Any CPU
		{9DE487C6-BC9D-4E4B-83AF-14F57E3E3292}.Debug|x86.ActiveCfg = Debug|x86
		{9DE487C6-BC9D-4E4B-83AF-14F57E3E3292}.Debug|x86.Build.0 = Debug|x86
		{9DE487C6-BC9D-4E4B-83AF-14F57E3E3292}.Release|Any CPU.ActiveCfg = Release|x86
		{9DE487C6-BC9D-4E4B-83AF-14F57E3E3292}.Release|x86.ActiveCfg = Release|x86
		{9DE487C6-BC9D-4E4B-83AF-14F57E3E3292}.Release|x86.Build.0 = Release|x86
		{D8BA7D48-F64D-46FA-B901-0D3906E6AD5C}.Debug|Any CPU.ActiveCfg = Debug|Any CPU
		{D8BA7D48-F64D-46FA-B901-0D3906E6AD5C}.Debug|Any CPU.Build.0 = Debug|Any CPU
		{D8BA7D48-F64D-46FA-B901-0D3906E6AD5C}.Debug|x86.ActiveCfg = Debug|x86
		{D8BA7D48-F64D-46FA-B901-0D3906E6AD5C}.Debug|x86.Build.0 = Debug|x86
		{D8BA7D48-F64D-46FA-B901-0D3906E6AD5C}.Release|Any CPU.ActiveCfg = Release|Any CPU
		{D8BA7D48-F64D-46FA-B901-0D3906E6AD5C}.Release|Any CPU.Build.0 = Release|Any CPU
		{D8BA7D48-F64D-46FA-B901-0D3906E6AD5C}.Release|x86.ActiveCfg = Release|x86
		{D8BA7D48-F64D-46FA-B901-0D3906E6AD5C}.Release|x86.Build.0 = Release|x86
		{C8D494A8-238D-4C4E-83CA-C3A867C0457E}.Debug|Any CPU.ActiveCfg = Debug|x86
		{C8D494A8-238D-4C4E-83CA-C3A867C0457E}.Debug|Any CPU.Build.0 = Debug|x86
		{C8D494A8-238D-4C4E-83CA-C3A867C0457E}.Debug|x86.ActiveCfg = Debug|x86
		{C8D494A8-238D-4C4E-83CA-C3A867C0457E}.Debug|x86.Build.0 = Debug|x86
		{C8D494A8-238D-4C4E-83CA-C3A867C0457E}.Release|Any CPU.ActiveCfg = Release|x86
		{C8D494A8-238D-4C4E-83CA-C3A867C0457E}.Release|x86.ActiveCfg = Release|x86
		{C8D494A8-238D-4C4E-83CA-C3A867C0457E}.Release|x86.Build.0 = Release|x86
	EndGlobalSection
	GlobalSection(SolutionProperties) = preSolution
		HideSolutionNode = FALSE
	EndGlobalSection
EndGlobal
